// !$*UTF8*$!
{
	archiveVersion = 1;
	classes = {
	};
	objectVersion = 56;
	objects = {

/* Begin PBXBuildFile section */
		EE0C9E5B2A5771AB001824F0 /* AppDelegate.swift in Sources */ = {isa = PBXBuildFile; fileRef = EE0C9E5A2A5771AB001824F0 /* AppDelegate.swift */; };
		EE0C9E5D2A5771AB001824F0 /* SceneDelegate.swift in Sources */ = {isa = PBXBuildFile; fileRef = EE0C9E5C2A5771AB001824F0 /* SceneDelegate.swift */; };
		EE0C9E5F2A5771AB001824F0 /* ViewController.swift in Sources */ = {isa = PBXBuildFile; fileRef = EE0C9E5E2A5771AB001824F0 /* ViewController.swift */; };
		EE0C9E622A5771AB001824F0 /* Main.storyboard in Resources */ = {isa = PBXBuildFile; fileRef = EE0C9E602A5771AB001824F0 /* Main.storyboard */; };
		EE0C9E642A5771AC001824F0 /* Assets.xcassets in Resources */ = {isa = PBXBuildFile; fileRef = EE0C9E632A5771AC001824F0 /* Assets.xcassets */; };
		EE0C9E672A5771AC001824F0 /* LaunchScreen.storyboard in Resources */ = {isa = PBXBuildFile; fileRef = EE0C9E652A5771AC001824F0 /* LaunchScreen.storyboard */; };
		EE0C9E722A5771AC001824F0 /* myalbumsTests.swift in Sources */ = {isa = PBXBuildFile; fileRef = EE0C9E712A5771AC001824F0 /* myalbumsTests.swift */; };
		EE0C9E7C2A5771AC001824F0 /* myalbumsUITests.swift in Sources */ = {isa = PBXBuildFile; fileRef = EE0C9E7B2A5771AC001824F0 /* myalbumsUITests.swift */; };
		EE0C9E7E2A5771AC001824F0 /* myalbumsUITestsLaunchTests.swift in Sources */ = {isa = PBXBuildFile; fileRef = EE0C9E7D2A5771AC001824F0 /* myalbumsUITestsLaunchTests.swift */; };
/* End PBXBuildFile section */

/* Begin PBXContainerItemProxy section */
		EE0C9E6E2A5771AC001824F0 /* PBXContainerItemProxy */ = {
			isa = PBXContainerItemProxy;
			containerPortal = EE0C9E4F2A5771AB001824F0 /* Project object */;
			proxyType = 1;
			remoteGlobalIDString = EE0C9E562A5771AB001824F0;
			remoteInfo = myalbums;
		};
		EE0C9E782A5771AC001824F0 /* PBXContainerItemProxy */ = {
			isa = PBXContainerItemProxy;
			containerPortal = EE0C9E4F2A5771AB001824F0 /* Project object */;
			proxyType = 1;
			remoteGlobalIDString = EE0C9E562A5771AB001824F0;
			remoteInfo = myalbums;
		};
/* End PBXContainerItemProxy section */

/* Begin PBXFileReference section */
		EE0C9E572A5771AB001824F0 /* myalbums.app */ = {isa = PBXFileReference; explicitFileType = wrapper.application; includeInIndex = 0; path = myalbums.app; sourceTree = BUILT_PRODUCTS_DIR; };
		EE0C9E5A2A5771AB001824F0 /* AppDelegate.swift */ = {isa = PBXFileReference; lastKnownFileType = sourcecode.swift; path = AppDelegate.swift; sourceTree = "<group>"; };
		EE0C9E5C2A5771AB001824F0 /* SceneDelegate.swift */ = {isa = PBXFileReference; lastKnownFileType = sourcecode.swift; path = SceneDelegate.swift; sourceTree = "<group>"; };
		EE0C9E5E2A5771AB001824F0 /* ViewController.swift */ = {isa = PBXFileReference; lastKnownFileType = sourcecode.swift; path = ViewController.swift; sourceTree = "<group>"; };
		EE0C9E612A5771AB001824F0 /* Base */ = {isa = PBXFileReference; lastKnownFileType = file.storyboard; name = Base; path = Base.lproj/Main.storyboard; sourceTree = "<group>"; };
		EE0C9E632A5771AC001824F0 /* Assets.xcassets */ = {isa = PBXFileReference; lastKnownFileType = folder.assetcatalog; path = Assets.xcassets; sourceTree = "<group>"; };
		EE0C9E662A5771AC001824F0 /* Base */ = {isa = PBXFileReference; lastKnownFileType = file.storyboard; name = Base; path = Base.lproj/LaunchScreen.storyboard; sourceTree = "<group>"; };
		EE0C9E682A5771AC001824F0 /* Info.plist */ = {isa = PBXFileReference; lastKnownFileType = text.plist.xml; path = Info.plist; sourceTree = "<group>"; };
		EE0C9E6D2A5771AC001824F0 /* myalbumsTests.xctest */ = {isa = PBXFileReference; explicitFileType = wrapper.cfbundle; includeInIndex = 0; path = myalbumsTests.xctest; sourceTree = BUILT_PRODUCTS_DIR; };
		EE0C9E712A5771AC001824F0 /* myalbumsTests.swift */ = {isa = PBXFileReference; lastKnownFileType = sourcecode.swift; path = myalbumsTests.swift; sourceTree = "<group>"; };
		EE0C9E772A5771AC001824F0 /* myalbumsUITests.xctest */ = {isa = PBXFileReference; explicitFileType = wrapper.cfbundle; includeInIndex = 0; path = myalbumsUITests.xctest; sourceTree = BUILT_PRODUCTS_DIR; };
		EE0C9E7B2A5771AC001824F0 /* myalbumsUITests.swift */ = {isa = PBXFileReference; lastKnownFileType = sourcecode.swift; path = myalbumsUITests.swift; sourceTree = "<group>"; };
		EE0C9E7D2A5771AC001824F0 /* myalbumsUITestsLaunchTests.swift */ = {isa = PBXFileReference; lastKnownFileType = sourcecode.swift; path = myalbumsUITestsLaunchTests.swift; sourceTree = "<group>"; };
/* End PBXFileReference section */

/* Begin PBXFrameworksBuildPhase section */
		EE0C9E542A5771AB001824F0 /* Frameworks */ = {
			isa = PBXFrameworksBuildPhase;
			buildActionMask = 2147483647;
			files = (
			);
			runOnlyForDeploymentPostprocessing = 0;
		};
		EE0C9E6A2A5771AC001824F0 /* Frameworks */ = {
			isa = PBXFrameworksBuildPhase;
			buildActionMask = 2147483647;
			files = (
			);
			runOnlyForDeploymentPostprocessing = 0;
		};
		EE0C9E742A5771AC001824F0 /* Frameworks */ = {
			isa = PBXFrameworksBuildPhase;
			buildActionMask = 2147483647;
			files = (
			);
			runOnlyForDeploymentPostprocessing = 0;
		};
/* End PBXFrameworksBuildPhase section */

/* Begin PBXGroup section */
		EE0C9E4E2A5771AB001824F0 = {
			isa = PBXGroup;
			children = (
				EE0C9E592A5771AB001824F0 /* myalbums */,
				EE0C9E702A5771AC001824F0 /* myalbumsTests */,
				EE0C9E7A2A5771AC001824F0 /* myalbumsUITests */,
				EE0C9E582A5771AB001824F0 /* Products */,
			);
			sourceTree = "<group>";
		};
		EE0C9E582A5771AB001824F0 /* Products */ = {
			isa = PBXGroup;
			children = (
				EE0C9E572A5771AB001824F0 /* myalbums.app */,
				EE0C9E6D2A5771AC001824F0 /* myalbumsTests.xctest */,
				EE0C9E772A5771AC001824F0 /* myalbumsUITests.xctest */,
			);
			name = Products;
			sourceTree = "<group>";
		};
		EE0C9E592A5771AB001824F0 /* myalbums */ = {
			isa = PBXGroup;
			children = (
				EE0C9E5A2A5771AB001824F0 /* AppDelegate.swift */,
				EE0C9E5C2A5771AB001824F0 /* SceneDelegate.swift */,
				EE0C9E5E2A5771AB001824F0 /* ViewController.swift */,
				EE0C9E602A5771AB001824F0 /* Main.storyboard */,
				EE0C9E632A5771AC001824F0 /* Assets.xcassets */,
				EE0C9E652A5771AC001824F0 /* LaunchScreen.storyboard */,
				EE0C9E682A5771AC001824F0 /* Info.plist */,
			);
			path = myalbums;
			sourceTree = "<group>";
		};
		EE0C9E702A5771AC001824F0 /* myalbumsTests */ = {
			isa = PBXGroup;
			children = (
				EE0C9E712A5771AC001824F0 /* myalbumsTests.swift */,
			);
			path = myalbumsTests;
			sourceTree = "<group>";
		};
		EE0C9E7A2A5771AC001824F0 /* myalbumsUITests */ = {
			isa = PBXGroup;
			children = (
				EE0C9E7B2A5771AC001824F0 /* myalbumsUITests.swift */,
				EE0C9E7D2A5771AC001824F0 /* myalbumsUITestsLaunchTests.swift */,
			);
			path = myalbumsUITests;
			sourceTree = "<group>";
		};
/* End PBXGroup section */

/* Begin PBXNativeTarget section */
		EE0C9E562A5771AB001824F0 /* myalbums */ = {
			isa = PBXNativeTarget;
			buildConfigurationList = EE0C9E812A5771AC001824F0 /* Build configuration list for PBXNativeTarget "myalbums" */;
			buildPhases = (
				EE0C9E532A5771AB001824F0 /* Sources */,
				EE0C9E542A5771AB001824F0 /* Frameworks */,
				EE0C9E552A5771AB001824F0 /* Resources */,
			);
			buildRules = (
			);
			dependencies = (
			);
			name = myalbums;
			productName = myalbums;
			productReference = EE0C9E572A5771AB001824F0 /* myalbums.app */;
			productType = "com.apple.product-type.application";
		};
		EE0C9E6C2A5771AC001824F0 /* myalbumsTests */ = {
			isa = PBXNativeTarget;
			buildConfigurationList = EE0C9E842A5771AC001824F0 /* Build configuration list for PBXNativeTarget "myalbumsTests" */;
			buildPhases = (
				EE0C9E692A5771AC001824F0 /* Sources */,
				EE0C9E6A2A5771AC001824F0 /* Frameworks */,
				EE0C9E6B2A5771AC001824F0 /* Resources */,
			);
			buildRules = (
			);
			dependencies = (
				EE0C9E6F2A5771AC001824F0 /* PBXTargetDependency */,
			);
			name = myalbumsTests;
			productName = myalbumsTests;
			productReference = EE0C9E6D2A5771AC001824F0 /* myalbumsTests.xctest */;
			productType = "com.apple.product-type.bundle.unit-test";
		};
		EE0C9E762A5771AC001824F0 /* myalbumsUITests */ = {
			isa = PBXNativeTarget;
			buildConfigurationList = EE0C9E872A5771AC001824F0 /* Build configuration list for PBXNativeTarget "myalbumsUITests" */;
			buildPhases = (
				EE0C9E732A5771AC001824F0 /* Sources */,
				EE0C9E742A5771AC001824F0 /* Frameworks */,
				EE0C9E752A5771AC001824F0 /* Resources */,
			);
			buildRules = (
			);
			dependencies = (
				EE0C9E792A5771AC001824F0 /* PBXTargetDependency */,
			);
			name = myalbumsUITests;
			productName = myalbumsUITests;
			productReference = EE0C9E772A5771AC001824F0 /* myalbumsUITests.xctest */;
			productType = "com.apple.product-type.bundle.ui-testing";
		};
/* End PBXNativeTarget section */

/* Begin PBXProject section */
		EE0C9E4F2A5771AB001824F0 /* Project object */ = {
			isa = PBXProject;
			attributes = {
				BuildIndependentTargetsInParallel = 1;
				LastSwiftUpdateCheck = 1430;
				LastUpgradeCheck = 1430;
				TargetAttributes = {
					EE0C9E562A5771AB001824F0 = {
						CreatedOnToolsVersion = 14.3.1;
					};
					EE0C9E6C2A5771AC001824F0 = {
						CreatedOnToolsVersion = 14.3.1;
						TestTargetID = EE0C9E562A5771AB001824F0;
					};
					EE0C9E762A5771AC001824F0 = {
						CreatedOnToolsVersion = 14.3.1;
						TestTargetID = EE0C9E562A5771AB001824F0;
					};
				};
			};
			buildConfigurationList = EE0C9E522A5771AB001824F0 /* Build configuration list for PBXProject "myalbums" */;
			compatibilityVersion = "Xcode 14.0";
			developmentRegion = en;
			hasScannedForEncodings = 0;
			knownRegions = (
				en,
				Base,
			);
			mainGroup = EE0C9E4E2A5771AB001824F0;
			productRefGroup = EE0C9E582A5771AB001824F0 /* Products */;
			projectDirPath = "";
			projectRoot = "";
			targets = (
				EE0C9E562A5771AB001824F0 /* myalbums */,
				EE0C9E6C2A5771AC001824F0 /* myalbumsTests */,
				EE0C9E762A5771AC001824F0 /* myalbumsUITests */,
			);
		};
/* End PBXProject section */

/* Begin PBXResourcesBuildPhase section */
		EE0C9E552A5771AB001824F0 /* Resources */ = {
			isa = PBXResourcesBuildPhase;
			buildActionMask = 2147483647;
			files = (
				EE0C9E672A5771AC001824F0 /* LaunchScreen.storyboard in Resources */,
				EE0C9E642A5771AC001824F0 /* Assets.xcassets in Resources */,
				EE0C9E622A5771AB001824F0 /* Main.storyboard in Resources */,
			);
			runOnlyForDeploymentPostprocessing = 0;
		};
		EE0C9E6B2A5771AC001824F0 /* Resources */ = {
			isa = PBXResourcesBuildPhase;
			buildActionMask = 2147483647;
			files = (
			);
			runOnlyForDeploymentPostprocessing = 0;
		};
		EE0C9E752A5771AC001824F0 /* Resources */ = {
			isa = PBXResourcesBuildPhase;
			buildActionMask = 2147483647;
			files = (
			);
			runOnlyForDeploymentPostprocessing = 0;
		};
/* End PBXResourcesBuildPhase section */

/* Begin PBXSourcesBuildPhase section */
		EE0C9E532A5771AB001824F0 /* Sources */ = {
			isa = PBXSourcesBuildPhase;
			buildActionMask = 2147483647;
			files = (
				EE0C9E5F2A5771AB001824F0 /* ViewController.swift in Sources */,
				EE0C9E5B2A5771AB001824F0 /* AppDelegate.swift in Sources */,
				EE0C9E5D2A5771AB001824F0 /* SceneDelegate.swift in Sources */,
			);
			runOnlyForDeploymentPostprocessing = 0;
		};
		EE0C9E692A5771AC001824F0 /* Sources */ = {
			isa = PBXSourcesBuildPhase;
			buildActionMask = 2147483647;
			files = (
				EE0C9E722A5771AC001824F0 /* myalbumsTests.swift in Sources */,
			);
			runOnlyForDeploymentPostprocessing = 0;
		};
		EE0C9E732A5771AC001824F0 /* Sources */ = {
			isa = PBXSourcesBuildPhase;
			buildActionMask = 2147483647;
			files = (
				EE0C9E7E2A5771AC001824F0 /* myalbumsUITestsLaunchTests.swift in Sources */,
				EE0C9E7C2A5771AC001824F0 /* myalbumsUITests.swift in Sources */,
			);
			runOnlyForDeploymentPostprocessing = 0;
		};
/* End PBXSourcesBuildPhase section */

/* Begin PBXTargetDependency section */
		EE0C9E6F2A5771AC001824F0 /* PBXTargetDependency */ = {
			isa = PBXTargetDependency;
			target = EE0C9E562A5771AB001824F0 /* myalbums */;
			targetProxy = EE0C9E6E2A5771AC001824F0 /* PBXContainerItemProxy */;
		};
		EE0C9E792A5771AC001824F0 /* PBXTargetDependency */ = {
			isa = PBXTargetDependency;
			target = EE0C9E562A5771AB001824F0 /* myalbums */;
			targetProxy = EE0C9E782A5771AC001824F0 /* PBXContainerItemProxy */;
		};
/* End PBXTargetDependency section */

/* Begin PBXVariantGroup section */
		EE0C9E602A5771AB001824F0 /* Main.storyboard */ = {
			isa = PBXVariantGroup;
			children = (
				EE0C9E612A5771AB001824F0 /* Base */,
			);
			name = Main.storyboard;
			sourceTree = "<group>";
		};
		EE0C9E652A5771AC001824F0 /* LaunchScreen.storyboard */ = {
			isa = PBXVariantGroup;
			children = (
				EE0C9E662A5771AC001824F0 /* Base */,
			);
			name = LaunchScreen.storyboard;
			sourceTree = "<group>";
		};
/* End PBXVariantGroup section */

/* Begin XCBuildConfiguration section */
		EE0C9E7F2A5771AC001824F0 /* Debug */ = {
			isa = XCBuildConfiguration;
			buildSettings = {
				ALWAYS_SEARCH_USER_PATHS = NO;
				CLANG_ANALYZER_NONNULL = YES;
				CLANG_ANALYZER_NUMBER_OBJECT_CONVERSION = YES_AGGRESSIVE;
				CLANG_CXX_LANGUAGE_STANDARD = "gnu++20";
				CLANG_ENABLE_MODULES = YES;
				CLANG_ENABLE_OBJC_ARC = YES;
				CLANG_ENABLE_OBJC_WEAK = YES;
				CLANG_WARN_BLOCK_CAPTURE_AUTORELEASING = YES;
				CLANG_WARN_BOOL_CONVERSION = YES;
				CLANG_WARN_COMMA = YES;
				CLANG_WARN_CONSTANT_CONVERSION = YES;
				CLANG_WARN_DEPRECATED_OBJC_IMPLEMENTATIONS = YES;
				CLANG_WARN_DIRECT_OBJC_ISA_USAGE = YES_ERROR;
				CLANG_WARN_DOCUMENTATION_COMMENTS = YES;
				CLANG_WARN_EMPTY_BODY = YES;
				CLANG_WARN_ENUM_CONVERSION = YES;
				CLANG_WARN_INFINITE_RECURSION = YES;
				CLANG_WARN_INT_CONVERSION = YES;
				CLANG_WARN_NON_LITERAL_NULL_CONVERSION = YES;
				CLANG_WARN_OBJC_IMPLICIT_RETAIN_SELF = YES;
				CLANG_WARN_OBJC_LITERAL_CONVERSION = YES;
				CLANG_WARN_OBJC_ROOT_CLASS = YES_ERROR;
				CLANG_WARN_QUOTED_INCLUDE_IN_FRAMEWORK_HEADER = YES;
				CLANG_WARN_RANGE_LOOP_ANALYSIS = YES;
				CLANG_WARN_STRICT_PROTOTYPES = YES;
				CLANG_WARN_SUSPICIOUS_MOVE = YES;
				CLANG_WARN_UNGUARDED_AVAILABILITY = YES_AGGRESSIVE;
				CLANG_WARN_UNREACHABLE_CODE = YES;
				CLANG_WARN__DUPLICATE_METHOD_MATCH = YES;
				COPY_PHASE_STRIP = NO;
				DEBUG_INFORMATION_FORMAT = dwarf;
				ENABLE_STRICT_OBJC_MSGSEND = YES;
				ENABLE_TESTABILITY = YES;
				GCC_C_LANGUAGE_STANDARD = gnu11;
				GCC_DYNAMIC_NO_PIC = NO;
				GCC_NO_COMMON_BLOCKS = YES;
				GCC_OPTIMIZATION_LEVEL = 0;
				GCC_PREPROCESSOR_DEFINITIONS = (
					"DEBUG=1",
					"$(inherited)",
				);
				GCC_WARN_64_TO_32_BIT_CONVERSION = YES;
				GCC_WARN_ABOUT_RETURN_TYPE = YES_ERROR;
				GCC_WARN_UNDECLARED_SELECTOR = YES;
				GCC_WARN_UNINITIALIZED_AUTOS = YES_AGGRESSIVE;
				GCC_WARN_UNUSED_FUNCTION = YES;
				GCC_WARN_UNUSED_VARIABLE = YES;
				IPHONEOS_DEPLOYMENT_TARGET = 16.4;
				MTL_ENABLE_DEBUG_INFO = INCLUDE_SOURCE;
				MTL_FAST_MATH = YES;
				ONLY_ACTIVE_ARCH = YES;
				SDKROOT = iphoneos;
				SWIFT_ACTIVE_COMPILATION_CONDITIONS = DEBUG;
				SWIFT_OPTIMIZATION_LEVEL = "-Onone";
			};
			name = Debug;
		};
		EE0C9E802A5771AC001824F0 /* Release */ = {
			isa = XCBuildConfiguration;
			buildSettings = {
				ALWAYS_SEARCH_USER_PATHS = NO;
				CLANG_ANALYZER_NONNULL = YES;
				CLANG_ANALYZER_NUMBER_OBJECT_CONVERSION = YES_AGGRESSIVE;
				CLANG_CXX_LANGUAGE_STANDARD = "gnu++20";
				CLANG_ENABLE_MODULES = YES;
				CLANG_ENABLE_OBJC_ARC = YES;
				CLANG_ENABLE_OBJC_WEAK = YES;
				CLANG_WARN_BLOCK_CAPTURE_AUTORELEASING = YES;
				CLANG_WARN_BOOL_CONVERSION = YES;
				CLANG_WARN_COMMA = YES;
				CLANG_WARN_CONSTANT_CONVERSION = YES;
				CLANG_WARN_DEPRECATED_OBJC_IMPLEMENTATIONS = YES;
				CLANG_WARN_DIRECT_OBJC_ISA_USAGE = YES_ERROR;
				CLANG_WARN_DOCUMENTATION_COMMENTS = YES;
				CLANG_WARN_EMPTY_BODY = YES;
				CLANG_WARN_ENUM_CONVERSION = YES;
				CLANG_WARN_INFINITE_RECURSION = YES;
				CLANG_WARN_INT_CONVERSION = YES;
				CLANG_WARN_NON_LITERAL_NULL_CONVERSION = YES;
				CLANG_WARN_OBJC_IMPLICIT_RETAIN_SELF = YES;
				CLANG_WARN_OBJC_LITERAL_CONVERSION = YES;
				CLANG_WARN_OBJC_ROOT_CLASS = YES_ERROR;
				CLANG_WARN_QUOTED_INCLUDE_IN_FRAMEWORK_HEADER = YES;
				CLANG_WARN_RANGE_LOOP_ANALYSIS = YES;
				CLANG_WARN_STRICT_PROTOTYPES = YES;
				CLANG_WARN_SUSPICIOUS_MOVE = YES;
				CLANG_WARN_UNGUARDED_AVAILABILITY = YES_AGGRESSIVE;
				CLANG_WARN_UNREACHABLE_CODE = YES;
				CLANG_WARN__DUPLICATE_METHOD_MATCH = YES;
				COPY_PHASE_STRIP = NO;
				DEBUG_INFORMATION_FORMAT = "dwarf-with-dsym";
				ENABLE_NS_ASSERTIONS = NO;
				ENABLE_STRICT_OBJC_MSGSEND = YES;
				GCC_C_LANGUAGE_STANDARD = gnu11;
				GCC_NO_COMMON_BLOCKS = YES;
				GCC_WARN_64_TO_32_BIT_CONVERSION = YES;
				GCC_WARN_ABOUT_RETURN_TYPE = YES_ERROR;
				GCC_WARN_UNDECLARED_SELECTOR = YES;
				GCC_WARN_UNINITIALIZED_AUTOS = YES_AGGRESSIVE;
				GCC_WARN_UNUSED_FUNCTION = YES;
				GCC_WARN_UNUSED_VARIABLE = YES;
				IPHONEOS_DEPLOYMENT_TARGET = 16.4;
				MTL_ENABLE_DEBUG_INFO = NO;
				MTL_FAST_MATH = YES;
				SDKROOT = iphoneos;
				SWIFT_COMPILATION_MODE = wholemodule;
				SWIFT_OPTIMIZATION_LEVEL = "-O";
				VALIDATE_PRODUCT = YES;
			};
			name = Release;
		};
		EE0C9E822A5771AC001824F0 /* Debug */ = {
			isa = XCBuildConfiguration;
			buildSettings = {
				ASSETCATALOG_COMPILER_APPICON_NAME = AppIcon;
				ASSETCATALOG_COMPILER_GLOBAL_ACCENT_COLOR_NAME = AccentColor;
				CODE_SIGN_STYLE = Automatic;
				CURRENT_PROJECT_VERSION = 1;
				DEVELOPMENT_TEAM = W92Z84454P;
				GENERATE_INFOPLIST_FILE = YES;
				INFOPLIST_FILE = myalbums/Info.plist;
				INFOPLIST_KEY_UIApplicationSupportsIndirectInputEvents = YES;
				INFOPLIST_KEY_UILaunchStoryboardName = LaunchScreen;
				INFOPLIST_KEY_UIMainStoryboardFile = Main;
				INFOPLIST_KEY_UISupportedInterfaceOrientations_iPad = "UIInterfaceOrientationPortrait UIInterfaceOrientationPortraitUpsideDown UIInterfaceOrientationLandscapeLeft UIInterfaceOrientationLandscapeRight";
				INFOPLIST_KEY_UISupportedInterfaceOrientations_iPhone = "UIInterfaceOrientationPortrait UIInterfaceOrientationLandscapeLeft UIInterfaceOrientationLandscapeRight";
				LD_RUNPATH_SEARCH_PATHS = (
					"$(inherited)",
					"@executable_path/Frameworks",
				);
				MARKETING_VERSION = 1.0;
				PRODUCT_BUNDLE_IDENTIFIER = ozgurelmasli.myalbums;
				PRODUCT_NAME = "$(TARGET_NAME)";
				SWIFT_EMIT_LOC_STRINGS = YES;
				SWIFT_VERSION = 5.0;
				TARGETED_DEVICE_FAMILY = "1,2";
			};
			name = Debug;
		};
		EE0C9E832A5771AC001824F0 /* Release */ = {
			isa = XCBuildConfiguration;
			buildSettings = {
				ASSETCATALOG_COMPILER_APPICON_NAME = AppIcon;
				ASSETCATALOG_COMPILER_GLOBAL_ACCENT_COLOR_NAME = AccentColor;
				CODE_SIGN_STYLE = Automatic;
				CURRENT_PROJECT_VERSION = 1;
				DEVELOPMENT_TEAM = W92Z84454P;
				GENERATE_INFOPLIST_FILE = YES;
				INFOPLIST_FILE = myalbums/Info.plist;
				INFOPLIST_KEY_UIApplicationSupportsIndirectInputEvents = YES;
				INFOPLIST_KEY_UILaunchStoryboardName = LaunchScreen;
				INFOPLIST_KEY_UIMainStoryboardFile = Main;
				INFOPLIST_KEY_UISupportedInterfaceOrientations_iPad = "UIInterfaceOrientationPortrait UIInterfaceOrientationPortraitUpsideDown UIInterfaceOrientationLandscapeLeft UIInterfaceOrientationLandscapeRight";
				INFOPLIST_KEY_UISupportedInterfaceOrientations_iPhone = "UIInterfaceOrientationPortrait UIInterfaceOrientationLandscapeLeft UIInterfaceOrientationLandscapeRight";
				LD_RUNPATH_SEARCH_PATHS = (
					"$(inherited)",
					"@executable_path/Frameworks",
				);
				MARKETING_VERSION = 1.0;
				PRODUCT_BUNDLE_IDENTIFIER = ozgurelmasli.myalbums;
				PRODUCT_NAME = "$(TARGET_NAME)";
				SWIFT_EMIT_LOC_STRINGS = YES;
				SWIFT_VERSION = 5.0;
				TARGETED_DEVICE_FAMILY = "1,2";
			};
			name = Release;
		};
		EE0C9E852A5771AC001824F0 /* Debug */ = {
			isa = XCBuildConfiguration;
			buildSettings = {
				ALWAYS_EMBED_SWIFT_STANDARD_LIBRARIES = YES;
				BUNDLE_LOADER = "$(TEST_HOST)";
				CODE_SIGN_STYLE = Automatic;
				CURRENT_PROJECT_VERSION = 1;
				DEVELOPMENT_TEAM = W92Z84454P;
				GENERATE_INFOPLIST_FILE = YES;
				IPHONEOS_DEPLOYMENT_TARGET = 16.4;
				MARKETING_VERSION = 1.0;
				PRODUCT_BUNDLE_IDENTIFIER = ozgurelmasli.myalbumsTests;
				PRODUCT_NAME = "$(TARGET_NAME)";
				SWIFT_EMIT_LOC_STRINGS = NO;
				SWIFT_VERSION = 5.0;
				TARGETED_DEVICE_FAMILY = "1,2";
				TEST_HOST = "$(BUILT_PRODUCTS_DIR)/myalbums.app/$(BUNDLE_EXECUTABLE_FOLDER_PATH)/myalbums";
			};
			name = Debug;
		};
		EE0C9E862A5771AC001824F0 /* Release */ = {
			isa = XCBuildConfiguration;
			buildSettings = {
				ALWAYS_EMBED_SWIFT_STANDARD_LIBRARIES = YES;
				BUNDLE_LOADER = "$(TEST_HOST)";
				CODE_SIGN_STYLE = Automatic;
				CURRENT_PROJECT_VERSION = 1;
				DEVELOPMENT_TEAM = W92Z84454P;
				GENERATE_INFOPLIST_FILE = YES;
				IPHONEOS_DEPLOYMENT_TARGET = 16.4;
				MARKETING_VERSION = 1.0;
				PRODUCT_BUNDLE_IDENTIFIER = ozgurelmasli.myalbumsTests;
				PRODUCT_NAME = "$(TARGET_NAME)";
				SWIFT_EMIT_LOC_STRINGS = NO;
				SWIFT_VERSION = 5.0;
				TARGETED_DEVICE_FAMILY = "1,2";
				TEST_HOST = "$(BUILT_PRODUCTS_DIR)/myalbums.app/$(BUNDLE_EXECUTABLE_FOLDER_PATH)/myalbums";
			};
			name = Release;
		};
		EE0C9E882A5771AC001824F0 /* Debug */ = {
			isa = XCBuildConfiguration;
			buildSettings = {
				ALWAYS_EMBED_SWIFT_STANDARD_LIBRARIES = YES;
				CODE_SIGN_STYLE = Automatic;
				CURRENT_PROJECT_VERSION = 1;
				DEVELOPMENT_TEAM = W92Z84454P;
				GENERATE_INFOPLIST_FILE = YES;
				MARKETING_VERSION = 1.0;
				PRODUCT_BUNDLE_IDENTIFIER = ozgurelmasli.myalbumsUITests;
				PRODUCT_NAME = "$(TARGET_NAME)";
				SWIFT_EMIT_LOC_STRINGS = NO;
				SWIFT_VERSION = 5.0;
				TARGETED_DEVICE_FAMILY = "1,2";
				TEST_TARGET_NAME = myalbums;
			};
			name = Debug;
		};
		EE0C9E892A5771AC001824F0 /* Release */ = {
			isa = XCBuildConfiguration;
			buildSettings = {
				ALWAYS_EMBED_SWIFT_STANDARD_LIBRARIES = YES;
				CODE_SIGN_STYLE = Automatic;
				CURRENT_PROJECT_VERSION = 1;
				DEVELOPMENT_TEAM = W92Z84454P;
				GENERATE_INFOPLIST_FILE = YES;
				MARKETING_VERSION = 1.0;
				PRODUCT_BUNDLE_IDENTIFIER = ozgurelmasli.myalbumsUITests;
				PRODUCT_NAME = "$(TARGET_NAME)";
				SWIFT_EMIT_LOC_STRINGS = NO;
				SWIFT_VERSION = 5.0;
				TARGETED_DEVICE_FAMILY = "1,2";
				TEST_TARGET_NAME = myalbums;
			};
			name = Release;
		};
/* End XCBuildConfiguration section */

/* Begin XCConfigurationList section */
		EE0C9E522A5771AB001824F0 /* Build configuration list for PBXProject "myalbums" */ = {
			isa = XCConfigurationList;
			buildConfigurations = (
				EE0C9E7F2A5771AC001824F0 /* Debug */,
				EE0C9E802A5771AC001824F0 /* Release */,
			);
			defaultConfigurationIsVisible = 0;
			defaultConfigurationName = Release;
		};
		EE0C9E812A5771AC001824F0 /* Build configuration list for PBXNativeTarget "myalbums" */ = {
			isa = XCConfigurationList;
			buildConfigurations = (
				EE0C9E822A5771AC001824F0 /* Debug */,
				EE0C9E832A5771AC001824F0 /* Release */,
			);
			defaultConfigurationIsVisible = 0;
			defaultConfigurationName = Release;
		};
		EE0C9E842A5771AC001824F0 /* Build configuration list for PBXNativeTarget "myalbumsTests" */ = {
			isa = XCConfigurationList;
			buildConfigurations = (
				EE0C9E852A5771AC001824F0 /* Debug */,
				EE0C9E862A5771AC001824F0 /* Release */,
			);
			defaultConfigurationIsVisible = 0;
			defaultConfigurationName = Release;
		};
		EE0C9E872A5771AC001824F0 /* Build configuration list for PBXNativeTarget "myalbumsUITests" */ = {
			isa = XCConfigurationList;
			buildConfigurations = (
				EE0C9E882A5771AC001824F0 /* Debug */,
				EE0C9E892A5771AC001824F0 /* Release */,
			);
			defaultConfigurationIsVisible = 0;
			defaultConfigurationName = Release;
		};
/* End XCConfigurationList section */
	};
	rootObject = EE0C9E4F2A5771AB001824F0 /* Project object */;
}
